
Microsoft Visual Studio Solution File, Format Version 12.00
# Visual Studio Version 17
VisualStudioVersion = 17.4.33205.214
MinimumVisualStudioVersion = 10.0.40219.1
Project("{FAE04EC0-301F-11D3-BF4B-00C04F79EFBC}") = "gitapp", "gitapp\gitapp.csproj", "{DD93ACF3-25CE-4EF6-A5E6-080332C2F389}"
EndProject
Global
	GlobalSection(SolutionConfigurationPlatforms) = preSolution
		Debug|Any CPU = Debug|Any CPU
		Release|Any CPU = Release|Any CPU
	EndGlobalSection
	GlobalSection(ProjectConfigurationPlatforms) = postSolution
		{DD93ACF3-25CE-4EF6-A5E6-080332C2F389}.Debug|Any CPU.ActiveCfg = Debug|Any CPU
		{DD93ACF3-25CE-4EF6-A5E6-080332C2F389}.Debug|Any CPU.Build.0 = Debug|Any CPU
		{DD93ACF3-25CE-4EF6-A5E6-080332C2F389}.Release|Any CPU.ActiveCfg = Release|Any CPU
		{DD93ACF3-25CE-4EF6-A5E6-080332C2F389}.Release|Any CPU.Build.0 = Release|Any CPU
	EndGlobalSection
	GlobalSection(SolutionProperties) = preSolution
		HideSolutionNode = FALSE
	EndGlobalSection
	GlobalSection(ExtensibilityGlobals) = postSolution
		SolutionGuid = {DF20DB01-39A0-42B5-A497-7DF48F9639AD}
	EndGlobalSection
EndGlobal
